
Microsoft Visual Studio Solution File, Format Version 12.00
# Visual Studio Version 17
VisualStudioVersion = 17.4.33213.308
MinimumVisualStudioVersion = 10.0.40219.1
Project("{FAE04EC0-301F-11D3-BF4B-00C04F79EFBC}") = "FY project", "FY project\FY project.csproj", "{658070EB-31CD-4DE5-A94D-C6D349AFD083}"
EndProject
Global
	GlobalSection(SolutionConfigurationPlatforms) = preSolution
		Debug|Any CPU = Debug|Any CPU
		Release|Any CPU = Release|Any CPU
	EndGlobalSection
	GlobalSection(ProjectConfigurationPlatforms) = postSolution
		{658070EB-31CD-4DE5-A94D-C6D349AFD083}.Debug|Any CPU.ActiveCfg = Debug|Any CPU
		{658070EB-31CD-4DE5-A94D-C6D349AFD083}.Debug|Any CPU.Build.0 = Debug|Any CPU
		{658070EB-31CD-4DE5-A94D-C6D349AFD083}.Release|Any CPU.ActiveCfg = Release|Any CPU
		{658070EB-31CD-4DE5-A94D-C6D349AFD083}.Release|Any CPU.Build.0 = Release|Any CPU
	EndGlobalSection
	GlobalSection(SolutionProperties) = preSolution
		HideSolutionNode = FALSE
	EndGlobalSection
	GlobalSection(ExtensibilityGlobals) = postSolution
		SolutionGuid = {A8A7DBDF-3D6A-4C73-8D63-724BF2D6CEDB}
	EndGlobalSection
EndGlobal
